// !$*UTF8*$!
{
	archiveVersion = 1;
	classes = {
	};
	objectVersion = 46;
	objects = {

/* Begin PBXBuildFile section */
		001E06F91CBD543900ADCF41 /* SettingsHeaderTableViewCell.swift in Sources */ = {isa = PBXBuildFile; fileRef = 001E06F81CBD543900ADCF41 /* SettingsHeaderTableViewCell.swift */; };
		001E06FB1CBD544700ADCF41 /* SettingsGeneralTableViewCell.swift in Sources */ = {isa = PBXBuildFile; fileRef = 001E06FA1CBD544700ADCF41 /* SettingsGeneralTableViewCell.swift */; };
		001E06FD1CBD545500ADCF41 /* SettingsNotificationTableViewCell.swift in Sources */ = {isa = PBXBuildFile; fileRef = 001E06FC1CBD545500ADCF41 /* SettingsNotificationTableViewCell.swift */; };
		001E06FF1CBD754100ADCF41 /* FiraSans-Medium.otf in Resources */ = {isa = PBXBuildFile; fileRef = 001E06FE1CBD754100ADCF41 /* FiraSans-Medium.otf */; };
		001E07011CBD78D500ADCF41 /* StoryTableViewCell.swift in Sources */ = {isa = PBXBuildFile; fileRef = 001E07001CBD78D500ADCF41 /* StoryTableViewCell.swift */; };
		005BDF391CBCD6C2006F4283 /* Session.swift in Sources */ = {isa = PBXBuildFile; fileRef = 005BDF381CBCD6C2006F4283 /* Session.swift */; };
		005BDF3B1CBCD6F8006F4283 /* Destination.swift in Sources */ = {isa = PBXBuildFile; fileRef = 005BDF3A1CBCD6F8006F4283 /* Destination.swift */; };
		005BDF3E1CBCD779006F4283 /* UIColor+Palette.swift in Sources */ = {isa = PBXBuildFile; fileRef = 005BDF3D1CBCD779006F4283 /* UIColor+Palette.swift */; };
		005BDF401CBCD790006F4283 /* UIImage+Decompression.swift in Sources */ = {isa = PBXBuildFile; fileRef = 005BDF3F1CBCD790006F4283 /* UIImage+Decompression.swift */; };
		005BDF461CBCDB61006F4283 /* Destinations.plist in Resources */ = {isa = PBXBuildFile; fileRef = 005BDF451CBCDB61006F4283 /* Destinations.plist */; };
		005BDF481CBCDCD3006F4283 /* Destinations.xcassets in Resources */ = {isa = PBXBuildFile; fileRef = 005BDF471CBCDCD3006F4283 /* Destinations.xcassets */; };
		005BDF4B1CBCE073006F4283 /* UltravisualLayout.swift in Sources */ = {isa = PBXBuildFile; fileRef = 005BDF4A1CBCE073006F4283 /* UltravisualLayout.swift */; };
		005BDF4D1CBD1B63006F4283 /* DancingScript-Regular.otf in Resources */ = {isa = PBXBuildFile; fileRef = 005BDF4C1CBD1B63006F4283 /* DancingScript-Regular.otf */; };
		005BDF4F1CBD2005006F4283 /* ProfileSettings.storyboard in Resources */ = {isa = PBXBuildFile; fileRef = 005BDF4E1CBD2005006F4283 /* ProfileSettings.storyboard */; };
		005BDF521CBD2235006F4283 /* ProfileSettingsViewController.swift in Sources */ = {isa = PBXBuildFile; fileRef = 005BDF511CBD2235006F4283 /* ProfileSettingsViewController.swift */; };
		005BDF551CBD2BCD006F4283 /* ProfileHeaderTableViewCell.swift in Sources */ = {isa = PBXBuildFile; fileRef = 005BDF541CBD2BCD006F4283 /* ProfileHeaderTableViewCell.swift */; };
		005BDF571CBD2BD7006F4283 /* ProfileTableViewCell.swift in Sources */ = {isa = PBXBuildFile; fileRef = 005BDF561CBD2BD7006F4283 /* ProfileTableViewCell.swift */; };
		007335A31CBCBFAC00EDB1A8 /* StoryViewController.swift in Sources */ = {isa = PBXBuildFile; fileRef = 007335A21CBCBFAC00EDB1A8 /* StoryViewController.swift */; };
		007335A61CBCBFF400EDB1A8 /* CanvasViewController.swift in Sources */ = {isa = PBXBuildFile; fileRef = 007335A51CBCBFF400EDB1A8 /* CanvasViewController.swift */; };
		007335A91CBCC01E00EDB1A8 /* NotificationViewController.swift in Sources */ = {isa = PBXBuildFile; fileRef = 007335A81CBCC01E00EDB1A8 /* NotificationViewController.swift */; };
		007335AE1CBCC0D700EDB1A8 /* ProfileViewController.swift in Sources */ = {isa = PBXBuildFile; fileRef = 007335AD1CBCC0D700EDB1A8 /* ProfileViewController.swift */; };
		007335B21CBCCBF200EDB1A8 /* TimelineCollectionViewCell.swift in Sources */ = {isa = PBXBuildFile; fileRef = 007335B11CBCCBF200EDB1A8 /* TimelineCollectionViewCell.swift */; };
		0098B2571CBE4D6A006EC904 /* DestinationDetail.storyboard in Resources */ = {isa = PBXBuildFile; fileRef = 0098B2561CBE4D6A006EC904 /* DestinationDetail.storyboard */; };
		0098B25A1CBE4F59006EC904 /* DestinationDetailViewController.swift in Sources */ = {isa = PBXBuildFile; fileRef = 0098B2591CBE4F59006EC904 /* DestinationDetailViewController.swift */; };
		0098B25C1CBE6399006EC904 /* DetailTextTableViewCell.swift in Sources */ = {isa = PBXBuildFile; fileRef = 0098B25B1CBE6399006EC904 /* DetailTextTableViewCell.swift */; };
		00ECFD3D1CBB5550000C9D77 /* AppDelegate.swift in Sources */ = {isa = PBXBuildFile; fileRef = 00ECFD3C1CBB5550000C9D77 /* AppDelegate.swift */; };
		00ECFD441CBB5550000C9D77 /* Assets.xcassets in Resources */ = {isa = PBXBuildFile; fileRef = 00ECFD431CBB5550000C9D77 /* Assets.xcassets */; };
		00ECFD471CBB5550000C9D77 /* LaunchScreen.storyboard in Resources */ = {isa = PBXBuildFile; fileRef = 00ECFD451CBB5550000C9D77 /* LaunchScreen.storyboard */; };
		00ECFD511CBB5668000C9D77 /* Initial.storyboard in Resources */ = {isa = PBXBuildFile; fileRef = 00ECFD501CBB5668000C9D77 /* Initial.storyboard */; };
		00ECFD531CBB5683000C9D77 /* InitialViewController.swift in Sources */ = {isa = PBXBuildFile; fileRef = 00ECFD521CBB5683000C9D77 /* InitialViewController.swift */; };
		00ECFD591CBB5DDE000C9D77 /* FiraSans-Light.otf in Resources */ = {isa = PBXBuildFile; fileRef = 00ECFD581CBB5DDE000C9D77 /* FiraSans-Light.otf */; };
		00ECFD5B1CBB5E15000C9D77 /* FiraSans-Regular.otf in Resources */ = {isa = PBXBuildFile; fileRef = 00ECFD5A1CBB5E15000C9D77 /* FiraSans-Regular.otf */; };
		00ECFD5E1CBB612E000C9D77 /* Colors.swift in Sources */ = {isa = PBXBuildFile; fileRef = 00ECFD5D1CBB612E000C9D77 /* Colors.swift */; };
		00ECFD601CBB63B5000C9D77 /* Philosopher-Regular.ttf in Resources */ = {isa = PBXBuildFile; fileRef = 00ECFD5F1CBB63B5000C9D77 /* Philosopher-Regular.ttf */; };
		00ECFD651CBB6652000C9D77 /* UILabelExtension.swift in Sources */ = {isa = PBXBuildFile; fileRef = 00ECFD641CBB6652000C9D77 /* UILabelExtension.swift */; };
		00EE6E7B1CBB715C0059699F /* SF-UI-Text-Regular.otf in Resources */ = {isa = PBXBuildFile; fileRef = 00EE6E7A1CBB715C0059699F /* SF-UI-Text-Regular.otf */; };
		00EE6E7D1CBB718B0059699F /* SF-UI-Text-Medium.otf in Resources */ = {isa = PBXBuildFile; fileRef = 00EE6E7C1CBB718B0059699F /* SF-UI-Text-Medium.otf */; };
		00EE6E7F1CBB7B780059699F /* UIViewExtension.swift in Sources */ = {isa = PBXBuildFile; fileRef = 00EE6E7E1CBB7B780059699F /* UIViewExtension.swift */; };
		00EE6E821CBB86AF0059699F /* Signup.storyboard in Resources */ = {isa = PBXBuildFile; fileRef = 00EE6E811CBB86AF0059699F /* Signup.storyboard */; };
		00EE6E841CBB86BD0059699F /* SignupViewController.swift in Sources */ = {isa = PBXBuildFile; fileRef = 00EE6E831CBB86BD0059699F /* SignupViewController.swift */; };
		00EE6E881CBB8FAF0059699F /* NavigationUtil.swift in Sources */ = {isa = PBXBuildFile; fileRef = 00EE6E871CBB8FAF0059699F /* NavigationUtil.swift */; };
		00FFF3911CBC20AD00BD8665 /* TabBar.storyboard in Resources */ = {isa = PBXBuildFile; fileRef = 00FFF3901CBC20AD00BD8665 /* TabBar.storyboard */; };
		00FFF3941CBC29CE00BD8665 /* HomeViewController.swift in Sources */ = {isa = PBXBuildFile; fileRef = 00FFF3931CBC29CE00BD8665 /* HomeViewController.swift */; };
		8B1D0C8232751533CCBDBB6E /* Pods_RoadYatri.framework in Frameworks */ = {isa = PBXBuildFile; fileRef = 5837750431DFE917319818D9 /* Pods_RoadYatri.framework */; };
/* End PBXBuildFile section */

/* Begin PBXFileReference section */
		001E06F81CBD543900ADCF41 /* SettingsHeaderTableViewCell.swift */ = {isa = PBXFileReference; fileEncoding = 4; lastKnownFileType = sourcecode.swift; path = SettingsHeaderTableViewCell.swift; sourceTree = "<group>"; };
		001E06FA1CBD544700ADCF41 /* SettingsGeneralTableViewCell.swift */ = {isa = PBXFileReference; fileEncoding = 4; lastKnownFileType = sourcecode.swift; path = SettingsGeneralTableViewCell.swift; sourceTree = "<group>"; };
		001E06FC1CBD545500ADCF41 /* SettingsNotificationTableViewCell.swift */ = {isa = PBXFileReference; fileEncoding = 4; lastKnownFileType = sourcecode.swift; path = SettingsNotificationTableViewCell.swift; sourceTree = "<group>"; };
		001E06FE1CBD754100ADCF41 /* FiraSans-Medium.otf */ = {isa = PBXFileReference; lastKnownFileType = file; path = "FiraSans-Medium.otf"; sourceTree = "<group>"; };
		001E07001CBD78D500ADCF41 /* StoryTableViewCell.swift */ = {isa = PBXFileReference; fileEncoding = 4; lastKnownFileType = sourcecode.swift; path = StoryTableViewCell.swift; sourceTree = "<group>"; };
		005BDF381CBCD6C2006F4283 /* Session.swift */ = {isa = PBXFileReference; fileEncoding = 4; lastKnownFileType = sourcecode.swift; path = Session.swift; sourceTree = "<group>"; };
		005BDF3A1CBCD6F8006F4283 /* Destination.swift */ = {isa = PBXFileReference; fileEncoding = 4; lastKnownFileType = sourcecode.swift; path = Destination.swift; sourceTree = "<group>"; };
		005BDF3D1CBCD779006F4283 /* UIColor+Palette.swift */ = {isa = PBXFileReference; fileEncoding = 4; lastKnownFileType = sourcecode.swift; path = "UIColor+Palette.swift"; sourceTree = "<group>"; };
		005BDF3F1CBCD790006F4283 /* UIImage+Decompression.swift */ = {isa = PBXFileReference; fileEncoding = 4; lastKnownFileType = sourcecode.swift; path = "UIImage+Decompression.swift"; sourceTree = "<group>"; };
		005BDF451CBCDB61006F4283 /* Destinations.plist */ = {isa = PBXFileReference; fileEncoding = 4; lastKnownFileType = text.plist.xml; path = Destinations.plist; sourceTree = "<group>"; };
		005BDF471CBCDCD3006F4283 /* Destinations.xcassets */ = {isa = PBXFileReference; lastKnownFileType = folder.assetcatalog; path = Destinations.xcassets; sourceTree = "<group>"; };
		005BDF4A1CBCE073006F4283 /* UltravisualLayout.swift */ = {isa = PBXFileReference; fileEncoding = 4; lastKnownFileType = sourcecode.swift; path = UltravisualLayout.swift; sourceTree = "<group>"; };
		005BDF4C1CBD1B63006F4283 /* DancingScript-Regular.otf */ = {isa = PBXFileReference; lastKnownFileType = file; path = "DancingScript-Regular.otf"; sourceTree = "<group>"; };
		005BDF4E1CBD2005006F4283 /* ProfileSettings.storyboard */ = {isa = PBXFileReference; fileEncoding = 4; lastKnownFileType = file.storyboard; path = ProfileSettings.storyboard; sourceTree = "<group>"; };
		005BDF511CBD2235006F4283 /* ProfileSettingsViewController.swift */ = {isa = PBXFileReference; fileEncoding = 4; lastKnownFileType = sourcecode.swift; path = ProfileSettingsViewController.swift; sourceTree = "<group>"; };
		005BDF541CBD2BCD006F4283 /* ProfileHeaderTableViewCell.swift */ = {isa = PBXFileReference; fileEncoding = 4; lastKnownFileType = sourcecode.swift; path = ProfileHeaderTableViewCell.swift; sourceTree = "<group>"; };
		005BDF561CBD2BD7006F4283 /* ProfileTableViewCell.swift */ = {isa = PBXFileReference; fileEncoding = 4; lastKnownFileType = sourcecode.swift; path = ProfileTableViewCell.swift; sourceTree = "<group>"; };
		007335A21CBCBFAC00EDB1A8 /* StoryViewController.swift */ = {isa = PBXFileReference; fileEncoding = 4; lastKnownFileType = sourcecode.swift; path = StoryViewController.swift; sourceTree = "<group>"; };
		007335A51CBCBFF400EDB1A8 /* CanvasViewController.swift */ = {isa = PBXFileReference; fileEncoding = 4; lastKnownFileType = sourcecode.swift; path = CanvasViewController.swift; sourceTree = "<group>"; };
		007335A81CBCC01E00EDB1A8 /* NotificationViewController.swift */ = {isa = PBXFileReference; fileEncoding = 4; lastKnownFileType = sourcecode.swift; path = NotificationViewController.swift; sourceTree = "<group>"; };
		007335AD1CBCC0D700EDB1A8 /* ProfileViewController.swift */ = {isa = PBXFileReference; fileEncoding = 4; lastKnownFileType = sourcecode.swift; path = ProfileViewController.swift; sourceTree = "<group>"; };
		007335B11CBCCBF200EDB1A8 /* TimelineCollectionViewCell.swift */ = {isa = PBXFileReference; fileEncoding = 4; lastKnownFileType = sourcecode.swift; path = TimelineCollectionViewCell.swift; sourceTree = "<group>"; };
		0098B2561CBE4D6A006EC904 /* DestinationDetail.storyboard */ = {isa = PBXFileReference; fileEncoding = 4; lastKnownFileType = file.storyboard; path = DestinationDetail.storyboard; sourceTree = "<group>"; };
		0098B2591CBE4F59006EC904 /* DestinationDetailViewController.swift */ = {isa = PBXFileReference; fileEncoding = 4; lastKnownFileType = sourcecode.swift; path = DestinationDetailViewController.swift; sourceTree = "<group>"; };
		0098B25B1CBE6399006EC904 /* DetailTextTableViewCell.swift */ = {isa = PBXFileReference; fileEncoding = 4; lastKnownFileType = sourcecode.swift; path = DetailTextTableViewCell.swift; sourceTree = "<group>"; };
		00ECFD391CBB5550000C9D77 /* RoadYatri.app */ = {isa = PBXFileReference; explicitFileType = wrapper.application; includeInIndex = 0; path = RoadYatri.app; sourceTree = BUILT_PRODUCTS_DIR; };
		00ECFD3C1CBB5550000C9D77 /* AppDelegate.swift */ = {isa = PBXFileReference; lastKnownFileType = sourcecode.swift; path = AppDelegate.swift; sourceTree = "<group>"; };
		00ECFD431CBB5550000C9D77 /* Assets.xcassets */ = {isa = PBXFileReference; lastKnownFileType = folder.assetcatalog; path = Assets.xcassets; sourceTree = "<group>"; };
		00ECFD461CBB5550000C9D77 /* Base */ = {isa = PBXFileReference; lastKnownFileType = file.storyboard; name = Base; path = Base.lproj/LaunchScreen.storyboard; sourceTree = "<group>"; };
		00ECFD481CBB5550000C9D77 /* Info.plist */ = {isa = PBXFileReference; lastKnownFileType = text.plist.xml; path = Info.plist; sourceTree = "<group>"; };
		00ECFD501CBB5668000C9D77 /* Initial.storyboard */ = {isa = PBXFileReference; fileEncoding = 4; lastKnownFileType = file.storyboard; path = Initial.storyboard; sourceTree = "<group>"; };
		00ECFD521CBB5683000C9D77 /* InitialViewController.swift */ = {isa = PBXFileReference; fileEncoding = 4; lastKnownFileType = sourcecode.swift; path = InitialViewController.swift; sourceTree = "<group>"; };
		00ECFD581CBB5DDE000C9D77 /* FiraSans-Light.otf */ = {isa = PBXFileReference; lastKnownFileType = file; path = "FiraSans-Light.otf"; sourceTree = "<group>"; };
		00ECFD5A1CBB5E15000C9D77 /* FiraSans-Regular.otf */ = {isa = PBXFileReference; lastKnownFileType = file; path = "FiraSans-Regular.otf"; sourceTree = "<group>"; };
		00ECFD5D1CBB612E000C9D77 /* Colors.swift */ = {isa = PBXFileReference; fileEncoding = 4; lastKnownFileType = sourcecode.swift; path = Colors.swift; sourceTree = "<group>"; };
		00ECFD5F1CBB63B5000C9D77 /* Philosopher-Regular.ttf */ = {isa = PBXFileReference; lastKnownFileType = file; path = "Philosopher-Regular.ttf"; sourceTree = "<group>"; };
		00ECFD641CBB6652000C9D77 /* UILabelExtension.swift */ = {isa = PBXFileReference; fileEncoding = 4; lastKnownFileType = sourcecode.swift; path = UILabelExtension.swift; sourceTree = "<group>"; };
		00EE6E7A1CBB715C0059699F /* SF-UI-Text-Regular.otf */ = {isa = PBXFileReference; lastKnownFileType = file; path = "SF-UI-Text-Regular.otf"; sourceTree = "<group>"; };
		00EE6E7C1CBB718B0059699F /* SF-UI-Text-Medium.otf */ = {isa = PBXFileReference; lastKnownFileType = file; path = "SF-UI-Text-Medium.otf"; sourceTree = "<group>"; };
		00EE6E7E1CBB7B780059699F /* UIViewExtension.swift */ = {isa = PBXFileReference; fileEncoding = 4; lastKnownFileType = sourcecode.swift; path = UIViewExtension.swift; sourceTree = "<group>"; };
		00EE6E811CBB86AF0059699F /* Signup.storyboard */ = {isa = PBXFileReference; fileEncoding = 4; lastKnownFileType = file.storyboard; path = Signup.storyboard; sourceTree = "<group>"; };
		00EE6E831CBB86BD0059699F /* SignupViewController.swift */ = {isa = PBXFileReference; fileEncoding = 4; lastKnownFileType = sourcecode.swift; path = SignupViewController.swift; sourceTree = "<group>"; };
		00EE6E871CBB8FAF0059699F /* NavigationUtil.swift */ = {isa = PBXFileReference; fileEncoding = 4; lastKnownFileType = sourcecode.swift; path = NavigationUtil.swift; sourceTree = "<group>"; };
		00FFF3901CBC20AD00BD8665 /* TabBar.storyboard */ = {isa = PBXFileReference; fileEncoding = 4; lastKnownFileType = file.storyboard; path = TabBar.storyboard; sourceTree = "<group>"; };
		00FFF3931CBC29CE00BD8665 /* HomeViewController.swift */ = {isa = PBXFileReference; fileEncoding = 4; lastKnownFileType = sourcecode.swift; path = HomeViewController.swift; sourceTree = "<group>"; };
		5257B912575D12BD1673A4C7 /* Pods-RoadYatri.release.xcconfig */ = {isa = PBXFileReference; includeInIndex = 1; lastKnownFileType = text.xcconfig; name = "Pods-RoadYatri.release.xcconfig"; path = "Pods/Target Support Files/Pods-RoadYatri/Pods-RoadYatri.release.xcconfig"; sourceTree = "<group>"; };
		5837750431DFE917319818D9 /* Pods_RoadYatri.framework */ = {isa = PBXFileReference; explicitFileType = wrapper.framework; includeInIndex = 0; path = Pods_RoadYatri.framework; sourceTree = BUILT_PRODUCTS_DIR; };
		FE8C683A9E3D5028699CA860 /* Pods-RoadYatri.debug.xcconfig */ = {isa = PBXFileReference; includeInIndex = 1; lastKnownFileType = text.xcconfig; name = "Pods-RoadYatri.debug.xcconfig"; path = "Pods/Target Support Files/Pods-RoadYatri/Pods-RoadYatri.debug.xcconfig"; sourceTree = "<group>"; };
/* End PBXFileReference section */

/* Begin PBXFrameworksBuildPhase section */
		00ECFD361CBB5550000C9D77 /* Frameworks */ = {
			isa = PBXFrameworksBuildPhase;
			buildActionMask = 2147483647;
			files = (
				8B1D0C8232751533CCBDBB6E /* Pods_RoadYatri.framework in Frameworks */,
			);
			runOnlyForDeploymentPostprocessing = 0;
		};
/* End PBXFrameworksBuildPhase section */

/* Begin PBXGroup section */
		005BDF371CBCD6B4006F4283 /* Models */ = {
			isa = PBXGroup;
			children = (
				005BDF381CBCD6C2006F4283 /* Session.swift */,
				005BDF3A1CBCD6F8006F4283 /* Destination.swift */,
			);
			name = Models;
			sourceTree = "<group>";
		};
		005BDF3C1CBCD76E006F4283 /* Extensions */ = {
			isa = PBXGroup;
			children = (
				005BDF3D1CBCD779006F4283 /* UIColor+Palette.swift */,
				005BDF3F1CBCD790006F4283 /* UIImage+Decompression.swift */,
			);
			name = Extensions;
			sourceTree = "<group>";
		};
		005BDF411CBCD7E3006F4283 /* Assets */ = {
			isa = PBXGroup;
			children = (
				00ECFD561CBB5C1D000C9D77 /* Sounds */,
				00ECFD551CBB5C14000C9D77 /* Fonts */,
				005BDF471CBCDCD3006F4283 /* Destinations.xcassets */,
				00ECFD431CBB5550000C9D77 /* Assets.xcassets */,
				005BDF451CBCDB61006F4283 /* Destinations.plist */,
			);
			name = Assets;
			sourceTree = "<group>";
		};
		005BDF421CBCD7FD006F4283 /* Others */ = {
			isa = PBXGroup;
			children = (
				00ECFD3C1CBB5550000C9D77 /* AppDelegate.swift */,
			);
			name = Others;
			sourceTree = "<group>";
		};
		005BDF431CBCD827006F4283 /* Supporting Files */ = {
			isa = PBXGroup;
			children = (
				00ECFD481CBB5550000C9D77 /* Info.plist */,
			);
			name = "Supporting Files";
			sourceTree = "<group>";
		};
		005BDF441CBCD840006F4283 /* Storyboards & Xibs */ = {
			isa = PBXGroup;
			children = (
				00EE6E811CBB86AF0059699F /* Signup.storyboard */,
				00ECFD451CBB5550000C9D77 /* LaunchScreen.storyboard */,
				00FFF3901CBC20AD00BD8665 /* TabBar.storyboard */,
				00ECFD501CBB5668000C9D77 /* Initial.storyboard */,
				005BDF4E1CBD2005006F4283 /* ProfileSettings.storyboard */,
				0098B2561CBE4D6A006EC904 /* DestinationDetail.storyboard */,
			);
			name = "Storyboards & Xibs";
			sourceTree = "<group>";
		};
		005BDF491CBCE067006F4283 /* Layouts */ = {
			isa = PBXGroup;
			children = (
				005BDF4A1CBCE073006F4283 /* UltravisualLayout.swift */,
			);
			name = Layouts;
			sourceTree = "<group>";
		};
		005BDF501CBD221A006F4283 /* ProfileSettings */ = {
			isa = PBXGroup;
			children = (
				005BDF511CBD2235006F4283 /* ProfileSettingsViewController.swift */,
			);
			name = ProfileSettings;
			sourceTree = "<group>";
		};
		005BDF531CBD2BAD006F4283 /* Views */ = {
			isa = PBXGroup;
			children = (
				005BDF541CBD2BCD006F4283 /* ProfileHeaderTableViewCell.swift */,
				005BDF561CBD2BD7006F4283 /* ProfileTableViewCell.swift */,
				001E06F81CBD543900ADCF41 /* SettingsHeaderTableViewCell.swift */,
				001E06FA1CBD544700ADCF41 /* SettingsGeneralTableViewCell.swift */,
				001E06FC1CBD545500ADCF41 /* SettingsNotificationTableViewCell.swift */,
				001E07001CBD78D500ADCF41 /* StoryTableViewCell.swift */,
				0098B25B1CBE6399006EC904 /* DetailTextTableViewCell.swift */,
			);
			name = Views;
			sourceTree = "<group>";
		};
		007335A11CBCBF9E00EDB1A8 /* Story */ = {
			isa = PBXGroup;
			children = (
				007335A21CBCBFAC00EDB1A8 /* StoryViewController.swift */,
			);
			name = Story;
			sourceTree = "<group>";
		};
		007335A41CBCBFE100EDB1A8 /* Canvas */ = {
			isa = PBXGroup;
			children = (
				007335A51CBCBFF400EDB1A8 /* CanvasViewController.swift */,
			);
			name = Canvas;
			sourceTree = "<group>";
		};
		007335A71CBCC00E00EDB1A8 /* Notification */ = {
			isa = PBXGroup;
			children = (
				007335A81CBCC01E00EDB1A8 /* NotificationViewController.swift */,
			);
			name = Notification;
			sourceTree = "<group>";
		};
		007335AA1CBCC03500EDB1A8 /* Profile */ = {
			isa = PBXGroup;
			children = (
				007335AD1CBCC0D700EDB1A8 /* ProfileViewController.swift */,
			);
			name = Profile;
			sourceTree = "<group>";
		};
		0098B2581CBE4F3B006EC904 /* DestinationDetail */ = {
			isa = PBXGroup;
			children = (
				0098B2591CBE4F59006EC904 /* DestinationDetailViewController.swift */,
			);
			name = DestinationDetail;
			sourceTree = "<group>";
		};
		00ECFD301CBB5550000C9D77 = {
			isa = PBXGroup;
			children = (
				00ECFD3B1CBB5550000C9D77 /* RoadYatri */,
				00ECFD3A1CBB5550000C9D77 /* Products */,
				8E448C7350632AB9FBFBCFA4 /* Pods */,
				DF946FC808852EE1E6B8C069 /* Frameworks */,
			);
			sourceTree = "<group>";
		};
		00ECFD3A1CBB5550000C9D77 /* Products */ = {
			isa = PBXGroup;
			children = (
				00ECFD391CBB5550000C9D77 /* RoadYatri.app */,
			);
			name = Products;
			sourceTree = "<group>";
		};
		00ECFD3B1CBB5550000C9D77 /* RoadYatri */ = {
			isa = PBXGroup;
			children = (
				005BDF531CBD2BAD006F4283 /* Views */,
				005BDF491CBCE067006F4283 /* Layouts */,
				005BDF431CBCD827006F4283 /* Supporting Files */,
				005BDF421CBCD7FD006F4283 /* Others */,
				005BDF411CBCD7E3006F4283 /* Assets */,
				005BDF3C1CBCD76E006F4283 /* Extensions */,
				005BDF371CBCD6B4006F4283 /* Models */,
				00EE6E851CBB8F740059699F /* Util */,
				00ECFD541CBB5C04000C9D77 /* Extras */,
				005BDF441CBCD840006F4283 /* Storyboards & Xibs */,
				00ECFD4E1CBB562A000C9D77 /* Controllers */,
			);
			path = RoadYatri;
			sourceTree = "<group>";
		};
		00ECFD4E1CBB562A000C9D77 /* Controllers */ = {
			isa = PBXGroup;
			children = (
				0098B2581CBE4F3B006EC904 /* DestinationDetail */,
				005BDF501CBD221A006F4283 /* ProfileSettings */,
				00FFF38F1CBC208400BD8665 /* TabBar */,
				00EE6E801CBB869D0059699F /* Signup */,
				00ECFD4F1CBB5645000C9D77 /* Initial */,
			);
			name = Controllers;
			sourceTree = "<group>";
		};
		00ECFD4F1CBB5645000C9D77 /* Initial */ = {
			isa = PBXGroup;
			children = (
				00ECFD521CBB5683000C9D77 /* InitialViewController.swift */,
			);
			name = Initial;
			sourceTree = "<group>";
		};
		00ECFD541CBB5C04000C9D77 /* Extras */ = {
			isa = PBXGroup;
			children = (
				00ECFD611CBB6406000C9D77 /* Views */,
				00ECFD5C1CBB611E000C9D77 /* Colors */,
			);
			name = Extras;
			sourceTree = "<group>";
		};
		00ECFD551CBB5C14000C9D77 /* Fonts */ = {
			isa = PBXGroup;
			children = (
				00ECFD5F1CBB63B5000C9D77 /* Philosopher-Regular.ttf */,
				00ECFD5A1CBB5E15000C9D77 /* FiraSans-Regular.otf */,
				00ECFD581CBB5DDE000C9D77 /* FiraSans-Light.otf */,
				00EE6E7A1CBB715C0059699F /* SF-UI-Text-Regular.otf */,
				00EE6E7C1CBB718B0059699F /* SF-UI-Text-Medium.otf */,
				005BDF4C1CBD1B63006F4283 /* DancingScript-Regular.otf */,
				001E06FE1CBD754100ADCF41 /* FiraSans-Medium.otf */,
			);
			name = Fonts;
			sourceTree = "<group>";
		};
		00ECFD561CBB5C1D000C9D77 /* Sounds */ = {
			isa = PBXGroup;
			children = (
			);
			name = Sounds;
			sourceTree = "<group>";
		};
		00ECFD5C1CBB611E000C9D77 /* Colors */ = {
			isa = PBXGroup;
			children = (
				00ECFD5D1CBB612E000C9D77 /* Colors.swift */,
			);
			name = Colors;
			sourceTree = "<group>";
		};
		00ECFD611CBB6406000C9D77 /* Views */ = {
			isa = PBXGroup;
			children = (
				00ECFD641CBB6652000C9D77 /* UILabelExtension.swift */,
				00EE6E7E1CBB7B780059699F /* UIViewExtension.swift */,
			);
			name = Views;
			sourceTree = "<group>";
		};
		00EE6E801CBB869D0059699F /* Signup */ = {
			isa = PBXGroup;
			children = (
				00EE6E831CBB86BD0059699F /* SignupViewController.swift */,
			);
			name = Signup;
			sourceTree = "<group>";
		};
		00EE6E851CBB8F740059699F /* Util */ = {
			isa = PBXGroup;
			children = (
				00EE6E871CBB8FAF0059699F /* NavigationUtil.swift */,
			);
			name = Util;
			sourceTree = "<group>";
		};
		00FFF38F1CBC208400BD8665 /* TabBar */ = {
			isa = PBXGroup;
			children = (
				007335AA1CBCC03500EDB1A8 /* Profile */,
				007335A71CBCC00E00EDB1A8 /* Notification */,
				007335A41CBCBFE100EDB1A8 /* Canvas */,
				007335A11CBCBF9E00EDB1A8 /* Story */,
				00FFF3921CBC29BA00BD8665 /* Home */,
			);
			name = TabBar;
			sourceTree = "<group>";
		};
		00FFF3921CBC29BA00BD8665 /* Home */ = {
			isa = PBXGroup;
			children = (
				00FFF3931CBC29CE00BD8665 /* HomeViewController.swift */,
				007335B11CBCCBF200EDB1A8 /* TimelineCollectionViewCell.swift */,
			);
			name = Home;
			sourceTree = "<group>";
		};
		8E448C7350632AB9FBFBCFA4 /* Pods */ = {
			isa = PBXGroup;
			children = (
				FE8C683A9E3D5028699CA860 /* Pods-RoadYatri.debug.xcconfig */,
				5257B912575D12BD1673A4C7 /* Pods-RoadYatri.release.xcconfig */,
			);
			name = Pods;
			sourceTree = "<group>";
		};
		DF946FC808852EE1E6B8C069 /* Frameworks */ = {
			isa = PBXGroup;
			children = (
				5837750431DFE917319818D9 /* Pods_RoadYatri.framework */,
			);
			name = Frameworks;
			sourceTree = "<group>";
		};
/* End PBXGroup section */

/* Begin PBXNativeTarget section */
		00ECFD381CBB5550000C9D77 /* RoadYatri */ = {
			isa = PBXNativeTarget;
			buildConfigurationList = 00ECFD4B1CBB5550000C9D77 /* Build configuration list for PBXNativeTarget "RoadYatri" */;
			buildPhases = (
				4387CB6B90A0F5CD9428E0C4 /* 📦 Check Pods Manifest.lock */,
				00ECFD351CBB5550000C9D77 /* Sources */,
				00ECFD361CBB5550000C9D77 /* Frameworks */,
				00ECFD371CBB5550000C9D77 /* Resources */,
				CF1A7C4511F748AE57C8AB27 /* 📦 Embed Pods Frameworks */,
				343C8632CE54932799173F97 /* 📦 Copy Pods Resources */,
			);
			buildRules = (
			);
			dependencies = (
			);
			name = RoadYatri;
			productName = RoadYatri;
			productReference = 00ECFD391CBB5550000C9D77 /* RoadYatri.app */;
			productType = "com.apple.product-type.application";
		};
/* End PBXNativeTarget section */

/* Begin PBXProject section */
		00ECFD311CBB5550000C9D77 /* Project object */ = {
			isa = PBXProject;
			attributes = {
				LastSwiftUpdateCheck = 0730;
				LastUpgradeCheck = 0730;
				ORGANIZATIONNAME = upbeatios;
				TargetAttributes = {
					00ECFD381CBB5550000C9D77 = {
						CreatedOnToolsVersion = 7.3;
					};
				};
			};
			buildConfigurationList = 00ECFD341CBB5550000C9D77 /* Build configuration list for PBXProject "RoadYatri" */;
			compatibilityVersion = "Xcode 3.2";
			developmentRegion = English;
			hasScannedForEncodings = 0;
			knownRegions = (
				en,
				Base,
			);
			mainGroup = 00ECFD301CBB5550000C9D77;
			productRefGroup = 00ECFD3A1CBB5550000C9D77 /* Products */;
			projectDirPath = "";
			projectRoot = "";
			targets = (
				00ECFD381CBB5550000C9D77 /* RoadYatri */,
			);
		};
/* End PBXProject section */

/* Begin PBXResourcesBuildPhase section */
		00ECFD371CBB5550000C9D77 /* Resources */ = {
			isa = PBXResourcesBuildPhase;
			buildActionMask = 2147483647;
			files = (
				00ECFD601CBB63B5000C9D77 /* Philosopher-Regular.ttf in Resources */,
				00FFF3911CBC20AD00BD8665 /* TabBar.storyboard in Resources */,
				001E06FF1CBD754100ADCF41 /* FiraSans-Medium.otf in Resources */,
				00ECFD471CBB5550000C9D77 /* LaunchScreen.storyboard in Resources */,
				005BDF4D1CBD1B63006F4283 /* DancingScript-Regular.otf in Resources */,
				00EE6E7B1CBB715C0059699F /* SF-UI-Text-Regular.otf in Resources */,
				005BDF481CBCDCD3006F4283 /* Destinations.xcassets in Resources */,
				00ECFD5B1CBB5E15000C9D77 /* FiraSans-Regular.otf in Resources */,
				0098B2571CBE4D6A006EC904 /* DestinationDetail.storyboard in Resources */,
				00ECFD441CBB5550000C9D77 /* Assets.xcassets in Resources */,
				005BDF461CBCDB61006F4283 /* Destinations.plist in Resources */,
				00EE6E7D1CBB718B0059699F /* SF-UI-Text-Medium.otf in Resources */,
				00ECFD591CBB5DDE000C9D77 /* FiraSans-Light.otf in Resources */,
				00EE6E821CBB86AF0059699F /* Signup.storyboard in Resources */,
				005BDF4F1CBD2005006F4283 /* ProfileSettings.storyboard in Resources */,
				00ECFD511CBB5668000C9D77 /* Initial.storyboard in Resources */,
			);
			runOnlyForDeploymentPostprocessing = 0;
		};
/* End PBXResourcesBuildPhase section */

/* Begin PBXShellScriptBuildPhase section */
		343C8632CE54932799173F97 /* 📦 Copy Pods Resources */ = {
			isa = PBXShellScriptBuildPhase;
			buildActionMask = 2147483647;
			files = (
			);
			inputPaths = (
			);
			name = "📦 Copy Pods Resources";
			outputPaths = (
			);
			runOnlyForDeploymentPostprocessing = 0;
			shellPath = /bin/sh;
			shellScript = "\"${SRCROOT}/Pods/Target Support Files/Pods-RoadYatri/Pods-RoadYatri-resources.sh\"\n";
			showEnvVarsInLog = 0;
		};
		4387CB6B90A0F5CD9428E0C4 /* 📦 Check Pods Manifest.lock */ = {
			isa = PBXShellScriptBuildPhase;
			buildActionMask = 2147483647;
			files = (
			);
			inputPaths = (
			);
			name = "📦 Check Pods Manifest.lock";
			outputPaths = (
			);
			runOnlyForDeploymentPostprocessing = 0;
			shellPath = /bin/sh;
			shellScript = "diff \"${PODS_ROOT}/../Podfile.lock\" \"${PODS_ROOT}/Manifest.lock\" > /dev/null\nif [[ $? != 0 ]] ; then\n    cat << EOM\nerror: The sandbox is not in sync with the Podfile.lock. Run 'pod install' or update your CocoaPods installation.\nEOM\n    exit 1\nfi\n";
			showEnvVarsInLog = 0;
		};
		CF1A7C4511F748AE57C8AB27 /* 📦 Embed Pods Frameworks */ = {
			isa = PBXShellScriptBuildPhase;
			buildActionMask = 2147483647;
			files = (
			);
			inputPaths = (
			);
			name = "📦 Embed Pods Frameworks";
			outputPaths = (
			);
			runOnlyForDeploymentPostprocessing = 0;
			shellPath = /bin/sh;
			shellScript = "\"${SRCROOT}/Pods/Target Support Files/Pods-RoadYatri/Pods-RoadYatri-frameworks.sh\"\n";
			showEnvVarsInLog = 0;
		};
/* End PBXShellScriptBuildPhase section */

/* Begin PBXSourcesBuildPhase section */
		00ECFD351CBB5550000C9D77 /* Sources */ = {
			isa = PBXSourcesBuildPhase;
			buildActionMask = 2147483647;
			files = (
				0098B25C1CBE6399006EC904 /* DetailTextTableViewCell.swift in Sources */,
				007335A61CBCBFF400EDB1A8 /* CanvasViewController.swift in Sources */,
				007335A31CBCBFAC00EDB1A8 /* StoryViewController.swift in Sources */,
				007335B21CBCCBF200EDB1A8 /* TimelineCollectionViewCell.swift in Sources */,
				007335A91CBCC01E00EDB1A8 /* NotificationViewController.swift in Sources */,
				005BDF551CBD2BCD006F4283 /* ProfileHeaderTableViewCell.swift in Sources */,
				00EE6E7F1CBB7B780059699F /* UIViewExtension.swift in Sources */,
				005BDF391CBCD6C2006F4283 /* Session.swift in Sources */,
				005BDF4B1CBCE073006F4283 /* UltravisualLayout.swift in Sources */,
				00EE6E841CBB86BD0059699F /* SignupViewController.swift in Sources */,
				005BDF3E1CBCD779006F4283 /* UIColor+Palette.swift in Sources */,
				00ECFD531CBB5683000C9D77 /* InitialViewController.swift in Sources */,
				00ECFD5E1CBB612E000C9D77 /* Colors.swift in Sources */,
				00ECFD651CBB6652000C9D77 /* UILabelExtension.swift in Sources */,
				001E06FD1CBD545500ADCF41 /* SettingsNotificationTableViewCell.swift in Sources */,
				0098B25A1CBE4F59006EC904 /* DestinationDetailViewController.swift in Sources */,
				001E07011CBD78D500ADCF41 /* StoryTableViewCell.swift in Sources */,
				00FFF3941CBC29CE00BD8665 /* HomeViewController.swift in Sources */,
				00EE6E881CBB8FAF0059699F /* NavigationUtil.swift in Sources */,
				005BDF571CBD2BD7006F4283 /* ProfileTableViewCell.swift in Sources */,
				001E06FB1CBD544700ADCF41 /* SettingsGeneralTableViewCell.swift in Sources */,
				005BDF401CBCD790006F4283 /* UIImage+Decompression.swift in Sources */,
				001E06F91CBD543900ADCF41 /* SettingsHeaderTableViewCell.swift in Sources */,
				007335AE1CBCC0D700EDB1A8 /* ProfileViewController.swift in Sources */,
				005BDF3B1CBCD6F8006F4283 /* Destination.swift in Sources */,
				005BDF521CBD2235006F4283 /* ProfileSettingsViewController.swift in Sources */,
				00ECFD3D1CBB5550000C9D77 /* AppDelegate.swift in Sources */,
			);
			runOnlyForDeploymentPostprocessing = 0;
		};
/* End PBXSourcesBuildPhase section */

/* Begin PBXVariantGroup section */
		00ECFD451CBB5550000C9D77 /* LaunchScreen.storyboard */ = {
			isa = PBXVariantGroup;
			children = (
				00ECFD461CBB5550000C9D77 /* Base */,
			);
			name = LaunchScreen.storyboard;
			sourceTree = "<group>";
		};
/* End PBXVariantGroup section */

/* Begin XCBuildConfiguration section */
		00ECFD491CBB5550000C9D77 /* Debug */ = {
			isa = XCBuildConfiguration;
			buildSettings = {
				ALWAYS_SEARCH_USER_PATHS = NO;
				CLANG_ANALYZER_NONNULL = YES;
				CLANG_CXX_LANGUAGE_STANDARD = "gnu++0x";
				CLANG_CXX_LIBRARY = "libc++";
				CLANG_ENABLE_MODULES = YES;
				CLANG_ENABLE_OBJC_ARC = YES;
				CLANG_WARN_BOOL_CONVERSION = YES;
				CLANG_WARN_CONSTANT_CONVERSION = YES;
				CLANG_WARN_DIRECT_OBJC_ISA_USAGE = YES_ERROR;
				CLANG_WARN_EMPTY_BODY = YES;
				CLANG_WARN_ENUM_CONVERSION = YES;
				CLANG_WARN_INT_CONVERSION = YES;
				CLANG_WARN_OBJC_ROOT_CLASS = YES_ERROR;
				CLANG_WARN_UNREACHABLE_CODE = YES;
				CLANG_WARN__DUPLICATE_METHOD_MATCH = YES;
				"CODE_SIGN_IDENTITY[sdk=iphoneos*]" = "iPhone Developer";
				COPY_PHASE_STRIP = NO;
				DEBUG_INFORMATION_FORMAT = dwarf;
				ENABLE_STRICT_OBJC_MSGSEND = YES;
				ENABLE_TESTABILITY = YES;
				GCC_C_LANGUAGE_STANDARD = gnu99;
				GCC_DYNAMIC_NO_PIC = NO;
				GCC_NO_COMMON_BLOCKS = YES;
				GCC_OPTIMIZATION_LEVEL = 0;
				GCC_PREPROCESSOR_DEFINITIONS = (
					"DEBUG=1",
					"$(inherited)",
				);
				GCC_WARN_64_TO_32_BIT_CONVERSION = YES;
				GCC_WARN_ABOUT_RETURN_TYPE = YES_ERROR;
				GCC_WARN_UNDECLARED_SELECTOR = YES;
				GCC_WARN_UNINITIALIZED_AUTOS = YES_AGGRESSIVE;
				GCC_WARN_UNUSED_FUNCTION = YES;
				GCC_WARN_UNUSED_VARIABLE = YES;
				IPHONEOS_DEPLOYMENT_TARGET = 9.3;
				MTL_ENABLE_DEBUG_INFO = YES;
				ONLY_ACTIVE_ARCH = YES;
				SDKROOT = iphoneos;
				SWIFT_OPTIMIZATION_LEVEL = "-Onone";
			};
			name = Debug;
		};
		00ECFD4A1CBB5550000C9D77 /* Release */ = {
			isa = XCBuildConfiguration;
			buildSettings = {
				ALWAYS_SEARCH_USER_PATHS = NO;
				CLANG_ANALYZER_NONNULL = YES;
				CLANG_CXX_LANGUAGE_STANDARD = "gnu++0x";
				CLANG_CXX_LIBRARY = "libc++";
				CLANG_ENABLE_MODULES = YES;
				CLANG_ENABLE_OBJC_ARC = YES;
				CLANG_WARN_BOOL_CONVERSION = YES;
				CLANG_WARN_CONSTANT_CONVERSION = YES;
				CLANG_WARN_DIRECT_OBJC_ISA_USAGE = YES_ERROR;
				CLANG_WARN_EMPTY_BODY = YES;
				CLANG_WARN_ENUM_CONVERSION = YES;
				CLANG_WARN_INT_CONVERSION = YES;
				CLANG_WARN_OBJC_ROOT_CLASS = YES_ERROR;
				CLANG_WARN_UNREACHABLE_CODE = YES;
				CLANG_WARN__DUPLICATE_METHOD_MATCH = YES;
				"CODE_SIGN_IDENTITY[sdk=iphoneos*]" = "iPhone Developer";
				COPY_PHASE_STRIP = NO;
				DEBUG_INFORMATION_FORMAT = "dwarf-with-dsym";
				ENABLE_NS_ASSERTIONS = NO;
				ENABLE_STRICT_OBJC_MSGSEND = YES;
				GCC_C_LANGUAGE_STANDARD = gnu99;
				GCC_NO_COMMON_BLOCKS = YES;
				GCC_WARN_64_TO_32_BIT_CONVERSION = YES;
				GCC_WARN_ABOUT_RETURN_TYPE = YES_ERROR;
				GCC_WARN_UNDECLARED_SELECTOR = YES;
				GCC_WARN_UNINITIALIZED_AUTOS = YES_AGGRESSIVE;
				GCC_WARN_UNUSED_FUNCTION = YES;
				GCC_WARN_UNUSED_VARIABLE = YES;
				IPHONEOS_DEPLOYMENT_TARGET = 9.3;
				MTL_ENABLE_DEBUG_INFO = NO;
				SDKROOT = iphoneos;
				VALIDATE_PRODUCT = YES;
			};
			name = Release;
		};
		00ECFD4C1CBB5550000C9D77 /* Debug */ = {
			isa = XCBuildConfiguration;
			baseConfigurationReference = FE8C683A9E3D5028699CA860 /* Pods-RoadYatri.debug.xcconfig */;
			buildSettings = {
				ASSETCATALOG_COMPILER_APPICON_NAME = AppIcon;
				INFOPLIST_FILE = RoadYatri/Info.plist;
				LD_RUNPATH_SEARCH_PATHS = "$(inherited) @executable_path/Frameworks";
				PRODUCT_BUNDLE_IDENTIFIER = com.upbeatios.me.RoadYatri;
				PRODUCT_NAME = "$(TARGET_NAME)";
			};
			name = Debug;
		};
		00ECFD4D1CBB5550000C9D77 /* Release */ = {
			isa = XCBuildConfiguration;
			baseConfigurationReference = 5257B912575D12BD1673A4C7 /* Pods-RoadYatri.release.xcconfig */;
			buildSettings = {
				ASSETCATALOG_COMPILER_APPICON_NAME = AppIcon;
				INFOPLIST_FILE = RoadYatri/Info.plist;
				LD_RUNPATH_SEARCH_PATHS = "$(inherited) @executable_path/Frameworks";
				PRODUCT_BUNDLE_IDENTIFIER = com.upbeatios.me.RoadYatri;
				PRODUCT_NAME = "$(TARGET_NAME)";
			};
			name = Release;
		};
/* End XCBuildConfiguration section */

/* Begin XCConfigurationList section */
		00ECFD341CBB5550000C9D77 /* Build configuration list for PBXProject "RoadYatri" */ = {
			isa = XCConfigurationList;
			buildConfigurations = (
				00ECFD491CBB5550000C9D77 /* Debug */,
				00ECFD4A1CBB5550000C9D77 /* Release */,
			);
			defaultConfigurationIsVisible = 0;
			defaultConfigurationName = Release;
		};
		00ECFD4B1CBB5550000C9D77 /* Build configuration list for PBXNativeTarget "RoadYatri" */ = {
			isa = XCConfigurationList;
			buildConfigurations = (
				00ECFD4C1CBB5550000C9D77 /* Debug */,
				00ECFD4D1CBB5550000C9D77 /* Release */,
			);
			defaultConfigurationIsVisible = 0;
			defaultConfigurationName = Release;
		};
/* End XCConfigurationList section */
	};
	rootObject = 00ECFD311CBB5550000C9D77 /* Project object */;
}
